
Microsoft Visual Studio Solution File, Format Version 12.00
# Visual Studio Version 16
VisualStudioVersion = 16.0.31105.61
MinimumVisualStudioVersion = 10.0.40219.1
Project("{9A19103F-16F7-4668-BE54-9A1E7A4F7556}") = "MiniShop.Model", "MiniShop.Model\MiniShop.Model.csproj", "{8B6E131A-0C39-4B40-AEB6-31BC6EB6FC8B}"
EndProject
Project("{9A19103F-16F7-4668-BE54-9A1E7A4F7556}") = "MiniShop.Dto", "MiniShop.Dto\MiniShop.Dto.csproj", "{AC732AEC-86F3-4C84-A85D-568DB4D6BD00}"
EndProject
Project("{9A19103F-16F7-4668-BE54-9A1E7A4F7556}") = "MiniShop.IServices", "MiniShop.IServices\MiniShop.IServices.csproj", "{D635ED75-2174-4300-AC2D-9CBC54679A98}"
EndProject
Project("{9A19103F-16F7-4668-BE54-9A1E7A4F7556}") = "MiniShop.Services", "MiniShop.Services\MiniShop.Services.csproj", "{681D35FF-3A7E-4907-9D38-1FC31A33F138}"
EndProject
Project("{9A19103F-16F7-4668-BE54-9A1E7A4F7556}") = "MiniShop.Api", "MiniShop.Api\MiniShop.Api.csproj", "{97BB8FB3-C56E-447B-A84E-CB30C4BF58C6}"
EndProject
Project("{9A19103F-16F7-4668-BE54-9A1E7A4F7556}") = "MiniShop.Mvc", "MiniShop.Mvc\MiniShop.Mvc.csproj", "{D1D4A17F-5F25-4391-844F-232397B0C80A}"
EndProject
Project("{9A19103F-16F7-4668-BE54-9A1E7A4F7556}") = "MiniShop.Ids", "MiniShop.Ids\MiniShop.Ids.csproj", "{1D99237F-36B2-43F8-BCED-0A9716CFF64D}"
EndProject
Project("{9A19103F-16F7-4668-BE54-9A1E7A4F7556}") = "Cache.MemoryCache", "Cache.MemoryCache\Cache.MemoryCache.csproj", "{174C5497-6BAB-4723-A0A3-E43F1670131E}"
EndProject
Project("{9A19103F-16F7-4668-BE54-9A1E7A4F7556}") = "Logging.Serilog", "Logging.Serilog\Logging.Serilog.csproj", "{51A298F0-01E4-48D9-A33B-2BF15CE15FB9}"
EndProject
Project("{9A19103F-16F7-4668-BE54-9A1E7A4F7556}") = "CommonTools.Core", "CommonTools.Core\CommonTools.Core.csproj", "{C1A781D5-0C2B-46F0-A8D4-349476AE37C6}"
EndProject
Project("{9A19103F-16F7-4668-BE54-9A1E7A4F7556}") = "Orm.Core", "Orm.Core\Orm.Core.csproj", "{94655B8C-22FE-4D32-856B-F16A05966E50}"
EndProject
Project("{9A19103F-16F7-4668-BE54-9A1E7A4F7556}") = "MiniShopAdmin.Api", "MiniShopAdmin.Api\MiniShopAdmin.Api.csproj", "{AA863F55-6E8E-4D2C-89B7-4C105846C30A}"
EndProject
Project("{FAE04EC0-301F-11D3-BF4B-00C04F79EFBC}") = "MiniShopAdmin.Dto", "MiniShopAdmin.Dto\MiniShopAdmin.Dto.csproj", "{78FA04FA-C9C9-469D-82C0-85B88E7E6411}"
EndProject
Project("{FAE04EC0-301F-11D3-BF4B-00C04F79EFBC}") = "MiniShopAdmin.Model", "MiniShopAdmin.Model\MiniShopAdmin.Model.csproj", "{98019EAF-32F1-4188-B925-EF8BAA489D22}"
EndProject
Global
	GlobalSection(SolutionConfigurationPlatforms) = preSolution
		Debug|Any CPU = Debug|Any CPU
		Release|Any CPU = Release|Any CPU
	EndGlobalSection
	GlobalSection(ProjectConfigurationPlatforms) = postSolution
		{8B6E131A-0C39-4B40-AEB6-31BC6EB6FC8B}.Debug|Any CPU.ActiveCfg = Debug|Any CPU
		{8B6E131A-0C39-4B40-AEB6-31BC6EB6FC8B}.Debug|Any CPU.Build.0 = Debug|Any CPU
		{8B6E131A-0C39-4B40-AEB6-31BC6EB6FC8B}.Release|Any CPU.ActiveCfg = Release|Any CPU
		{8B6E131A-0C39-4B40-AEB6-31BC6EB6FC8B}.Release|Any CPU.Build.0 = Release|Any CPU
		{AC732AEC-86F3-4C84-A85D-568DB4D6BD00}.Debug|Any CPU.ActiveCfg = Debug|Any CPU
		{AC732AEC-86F3-4C84-A85D-568DB4D6BD00}.Debug|Any CPU.Build.0 = Debug|Any CPU
		{AC732AEC-86F3-4C84-A85D-568DB4D6BD00}.Release|Any CPU.ActiveCfg = Release|Any CPU
		{AC732AEC-86F3-4C84-A85D-568DB4D6BD00}.Release|Any CPU.Build.0 = Release|Any CPU
		{D635ED75-2174-4300-AC2D-9CBC54679A98}.Debug|Any CPU.ActiveCfg = Debug|Any CPU
		{D635ED75-2174-4300-AC2D-9CBC54679A98}.Debug|Any CPU.Build.0 = Debug|Any CPU
		{D635ED75-2174-4300-AC2D-9CBC54679A98}.Release|Any CPU.ActiveCfg = Release|Any CPU
		{D635ED75-2174-4300-AC2D-9CBC54679A98}.Release|Any CPU.Build.0 = Release|Any CPU
		{681D35FF-3A7E-4907-9D38-1FC31A33F138}.Debug|Any CPU.ActiveCfg = Debug|Any CPU
		{681D35FF-3A7E-4907-9D38-1FC31A33F138}.Debug|Any CPU.Build.0 = Debug|Any CPU
		{681D35FF-3A7E-4907-9D38-1FC31A33F138}.Release|Any CPU.ActiveCfg = Release|Any CPU
		{681D35FF-3A7E-4907-9D38-1FC31A33F138}.Release|Any CPU.Build.0 = Release|Any CPU
		{97BB8FB3-C56E-447B-A84E-CB30C4BF58C6}.Debug|Any CPU.ActiveCfg = Debug|Any CPU
		{97BB8FB3-C56E-447B-A84E-CB30C4BF58C6}.Debug|Any CPU.Build.0 = Debug|Any CPU
		{97BB8FB3-C56E-447B-A84E-CB30C4BF58C6}.Release|Any CPU.ActiveCfg = Release|Any CPU
		{97BB8FB3-C56E-447B-A84E-CB30C4BF58C6}.Release|Any CPU.Build.0 = Release|Any CPU
		{D1D4A17F-5F25-4391-844F-232397B0C80A}.Debug|Any CPU.ActiveCfg = Debug|Any CPU
		{D1D4A17F-5F25-4391-844F-232397B0C80A}.Debug|Any CPU.Build.0 = Debug|Any CPU
		{D1D4A17F-5F25-4391-844F-232397B0C80A}.Release|Any CPU.ActiveCfg = Release|Any CPU
		{D1D4A17F-5F25-4391-844F-232397B0C80A}.Release|Any CPU.Build.0 = Release|Any CPU
		{1D99237F-36B2-43F8-BCED-0A9716CFF64D}.Debug|Any CPU.ActiveCfg = Debug|Any CPU
		{1D99237F-36B2-43F8-BCED-0A9716CFF64D}.Debug|Any CPU.Build.0 = Debug|Any CPU
		{1D99237F-36B2-43F8-BCED-0A9716CFF64D}.Release|Any CPU.ActiveCfg = Release|Any CPU
		{1D99237F-36B2-43F8-BCED-0A9716CFF64D}.Release|Any CPU.Build.0 = Release|Any CPU
		{174C5497-6BAB-4723-A0A3-E43F1670131E}.Debug|Any CPU.ActiveCfg = Debug|Any CPU
		{174C5497-6BAB-4723-A0A3-E43F1670131E}.Debug|Any CPU.Build.0 = Debug|Any CPU
		{174C5497-6BAB-4723-A0A3-E43F1670131E}.Release|Any CPU.ActiveCfg = Release|Any CPU
		{174C5497-6BAB-4723-A0A3-E43F1670131E}.Release|Any CPU.Build.0 = Release|Any CPU
		{51A298F0-01E4-48D9-A33B-2BF15CE15FB9}.Debug|Any CPU.ActiveCfg = Debug|Any CPU
		{51A298F0-01E4-48D9-A33B-2BF15CE15FB9}.Debug|Any CPU.Build.0 = Debug|Any CPU
		{51A298F0-01E4-48D9-A33B-2BF15CE15FB9}.Release|Any CPU.ActiveCfg = Release|Any CPU
		{51A298F0-01E4-48D9-A33B-2BF15CE15FB9}.Release|Any CPU.Build.0 = Release|Any CPU
		{C1A781D5-0C2B-46F0-A8D4-349476AE37C6}.Debug|Any CPU.ActiveCfg = Debug|Any CPU
		{C1A781D5-0C2B-46F0-A8D4-349476AE37C6}.Debug|Any CPU.Build.0 = Debug|Any CPU
		{C1A781D5-0C2B-46F0-A8D4-349476AE37C6}.Release|Any CPU.ActiveCfg = Release|Any CPU
		{C1A781D5-0C2B-46F0-A8D4-349476AE37C6}.Release|Any CPU.Build.0 = Release|Any CPU
		{94655B8C-22FE-4D32-856B-F16A05966E50}.Debug|Any CPU.ActiveCfg = Debug|Any CPU
		{94655B8C-22FE-4D32-856B-F16A05966E50}.Debug|Any CPU.Build.0 = Debug|Any CPU
		{94655B8C-22FE-4D32-856B-F16A05966E50}.Release|Any CPU.ActiveCfg = Release|Any CPU
		{94655B8C-22FE-4D32-856B-F16A05966E50}.Release|Any CPU.Build.0 = Release|Any CPU
		{AA863F55-6E8E-4D2C-89B7-4C105846C30A}.Debug|Any CPU.ActiveCfg = Debug|Any CPU
		{AA863F55-6E8E-4D2C-89B7-4C105846C30A}.Debug|Any CPU.Build.0 = Debug|Any CPU
		{AA863F55-6E8E-4D2C-89B7-4C105846C30A}.Release|Any CPU.ActiveCfg = Release|Any CPU
		{AA863F55-6E8E-4D2C-89B7-4C105846C30A}.Release|Any CPU.Build.0 = Release|Any CPU
		{78FA04FA-C9C9-469D-82C0-85B88E7E6411}.Debug|Any CPU.ActiveCfg = Debug|Any CPU
		{78FA04FA-C9C9-469D-82C0-85B88E7E6411}.Debug|Any CPU.Build.0 = Debug|Any CPU
		{78FA04FA-C9C9-469D-82C0-85B88E7E6411}.Release|Any CPU.ActiveCfg = Release|Any CPU
		{78FA04FA-C9C9-469D-82C0-85B88E7E6411}.Release|Any CPU.Build.0 = Release|Any CPU
		{98019EAF-32F1-4188-B925-EF8BAA489D22}.Debug|Any CPU.ActiveCfg = Debug|Any CPU
		{98019EAF-32F1-4188-B925-EF8BAA489D22}.Debug|Any CPU.Build.0 = Debug|Any CPU
		{98019EAF-32F1-4188-B925-EF8BAA489D22}.Release|Any CPU.ActiveCfg = Release|Any CPU
		{98019EAF-32F1-4188-B925-EF8BAA489D22}.Release|Any CPU.Build.0 = Release|Any CPU
	EndGlobalSection
	GlobalSection(SolutionProperties) = preSolution
		HideSolutionNode = FALSE
	EndGlobalSection
	GlobalSection(ExtensibilityGlobals) = postSolution
		SolutionGuid = {A5DAAD49-4A1B-4981-9482-D4CC3B181719}
	EndGlobalSection
EndGlobal
